
Microsoft Visual Studio Solution File, Format Version 12.00
# Visual Studio 14
VisualStudioVersion = 14.0.25420.1
MinimumVisualStudioVersion = 10.0.40219.1
Project("{FAE04EC0-301F-11D3-BF4B-00C04F79EFBC}") = "DynamicPerfectFitDemo", "DynamicPerfectFitDemo\DynamicPerfectFitDemo.csproj", "{BD82D16A-F9B6-4D38-8E7C-F788314ED18F}"
EndProject
Project("{FAE04EC0-301F-11D3-BF4B-00C04F79EFBC}") = "GenericPS", "GenericPS\GenericPS.csproj", "{F041479F-13C3-4D20-BA70-5559406F7756}"
EndProject
Project("{FAE04EC0-301F-11D3-BF4B-00C04F79EFBC}") = "PerfectScriptFactory", "PerfectScriptFactory\PerfectScriptFactory.csproj", "{807726F1-EDE8-4981-A006-3C7A1F2F9F55}"
EndProject
Project("{FAE04EC0-301F-11D3-BF4B-00C04F79EFBC}") = "WP16", "WP16\WP16\WP16.csproj", "{EF3A0E5C-EBE4-4F8F-B4AB-D7DA337F0360}"
EndProject
Project("{FAE04EC0-301F-11D3-BF4B-00C04F79EFBC}") = "WP17", "WP17\WP17\WP17.csproj", "{AB48A1A5-42DC-4C1D-8AE3-6C6FC0A08248}"
EndProject
Project("{FAE04EC0-301F-11D3-BF4B-00C04F79EFBC}") = "WP18", "WP18\WP18.csproj", "{25AC6487-6B47-4662-89A8-9A4F57E1E6A3}"
EndProject
Global
	GlobalSection(SolutionConfigurationPlatforms) = preSolution
		Debug|Any CPU = Debug|Any CPU
		Release|Any CPU = Release|Any CPU
	EndGlobalSection
	GlobalSection(ProjectConfigurationPlatforms) = postSolution
		{BD82D16A-F9B6-4D38-8E7C-F788314ED18F}.Debug|Any CPU.ActiveCfg = Debug|Any CPU
		{BD82D16A-F9B6-4D38-8E7C-F788314ED18F}.Debug|Any CPU.Build.0 = Debug|Any CPU
		{BD82D16A-F9B6-4D38-8E7C-F788314ED18F}.Release|Any CPU.ActiveCfg = Release|Any CPU
		{BD82D16A-F9B6-4D38-8E7C-F788314ED18F}.Release|Any CPU.Build.0 = Release|Any CPU
		{F041479F-13C3-4D20-BA70-5559406F7756}.Debug|Any CPU.ActiveCfg = Debug|Any CPU
		{F041479F-13C3-4D20-BA70-5559406F7756}.Debug|Any CPU.Build.0 = Debug|Any CPU
		{F041479F-13C3-4D20-BA70-5559406F7756}.Release|Any CPU.ActiveCfg = Release|Any CPU
		{F041479F-13C3-4D20-BA70-5559406F7756}.Release|Any CPU.Build.0 = Release|Any CPU
		{807726F1-EDE8-4981-A006-3C7A1F2F9F55}.Debug|Any CPU.ActiveCfg = Debug|Any CPU
		{807726F1-EDE8-4981-A006-3C7A1F2F9F55}.Debug|Any CPU.Build.0 = Debug|Any CPU
		{807726F1-EDE8-4981-A006-3C7A1F2F9F55}.Release|Any CPU.ActiveCfg = Release|Any CPU
		{807726F1-EDE8-4981-A006-3C7A1F2F9F55}.Release|Any CPU.Build.0 = Release|Any CPU
		{EF3A0E5C-EBE4-4F8F-B4AB-D7DA337F0360}.Debug|Any CPU.ActiveCfg = Debug|Any CPU
		{EF3A0E5C-EBE4-4F8F-B4AB-D7DA337F0360}.Debug|Any CPU.Build.0 = Debug|Any CPU
		{EF3A0E5C-EBE4-4F8F-B4AB-D7DA337F0360}.Release|Any CPU.ActiveCfg = Release|Any CPU
		{EF3A0E5C-EBE4-4F8F-B4AB-D7DA337F0360}.Release|Any CPU.Build.0 = Release|Any CPU
		{AB48A1A5-42DC-4C1D-8AE3-6C6FC0A08248}.Debug|Any CPU.ActiveCfg = Debug|Any CPU
		{AB48A1A5-42DC-4C1D-8AE3-6C6FC0A08248}.Debug|Any CPU.Build.0 = Debug|Any CPU
		{AB48A1A5-42DC-4C1D-8AE3-6C6FC0A08248}.Release|Any CPU.ActiveCfg = Release|Any CPU
		{AB48A1A5-42DC-4C1D-8AE3-6C6FC0A08248}.Release|Any CPU.Build.0 = Release|Any CPU
		{25AC6487-6B47-4662-89A8-9A4F57E1E6A3}.Debug|Any CPU.ActiveCfg = Debug|Any CPU
		{25AC6487-6B47-4662-89A8-9A4F57E1E6A3}.Debug|Any CPU.Build.0 = Debug|Any CPU
		{25AC6487-6B47-4662-89A8-9A4F57E1E6A3}.Release|Any CPU.ActiveCfg = Release|Any CPU
		{25AC6487-6B47-4662-89A8-9A4F57E1E6A3}.Release|Any CPU.Build.0 = Release|Any CPU
	EndGlobalSection
	GlobalSection(SolutionProperties) = preSolution
		HideSolutionNode = FALSE
	EndGlobalSection
EndGlobal
